# THIS IS AN AUTOGENERATED FILE. DO NOT EDIT THIS FILE DIRECTLY.
# yarn lockfile v1


jquery@>=1.7.0:
  version "3.4.1"
  resolved "https://registry.yarnpkg.com/jquery/-/jquery-3.4.1.tgz#714f1f8d9dde4bdfa55764ba37ef214630d80ef2"
  integrity sha512-36+AdBzCL+y6qjw5Tx7HgzeGCzC81MDDgaUP8ld2zhx58HdqXGoBd+tHdrBMiyjGQs0Hxs/MLZTu/eHNJJuWPw==

smartmenus-bootstrap-4@^0.1.0:
  version "0.1.0"
  resolved "https://registry.yarnpkg.com/smartmenus-bootstrap-4/-/smartmenus-bootstrap-4-0.1.0.tgz#e450701b516d7bc4b6578c4bf5c821d30c7978b7"
  integrity sha1-5FBwG1Fte8S2V4xL9cgh0wx5eLc=
  dependencies:
    jquery ">=1.7.0"
    smartmenus ">=1.1.0"

smartmenus@>=1.1.0, smartmenus@^1.1.0:
  version "1.1.0"
  resolved "https://registry.yarnpkg.com/smartmenus/-/smartmenus-1.1.0.tgz#19da8c61e02f7148d21510a7e5a70cd54cf4f1c7"
  integrity sha1-GdqMYeAvcUjSFRCn5acM1Uz08cc=
  dependencies:
    jquery ">=1.7.0"
